
Microsoft Visual Studio Solution File, Format Version 12.00
# Visual Studio Version 16
VisualStudioVersion = 16.0.28803.202
MinimumVisualStudioVersion = 10.0.40219.1
Project("{FAE04EC0-301F-11D3-BF4B-00C04F79EFBC}") = "FileNameChange", "FileNameChange.csproj", "{08BAAFE6-616F-4310-A19D-D79837FECE54}"
EndProject
Project("{FAE04EC0-301F-11D3-BF4B-00C04F79EFBC}") = "BaseClassLibrary", "..\ExampleWinformApp\BaseClassLibrary\BaseClassLibrary.csproj", "{C6DC31C8-E745-44D8-A72A-5212B0E2ABE2}"
EndProject
Global
	GlobalSection(SolutionConfigurationPlatforms) = preSolution
		Debug|Any CPU = Debug|Any CPU
		Release|Any CPU = Release|Any CPU
	EndGlobalSection
	GlobalSection(ProjectConfigurationPlatforms) = postSolution
		{08BAAFE6-616F-4310-A19D-D79837FECE54}.Debug|Any CPU.ActiveCfg = Debug|Any CPU
		{08BAAFE6-616F-4310-A19D-D79837FECE54}.Debug|Any CPU.Build.0 = Debug|Any CPU
		{08BAAFE6-616F-4310-A19D-D79837FECE54}.Release|Any CPU.ActiveCfg = Release|Any CPU
		{08BAAFE6-616F-4310-A19D-D79837FECE54}.Release|Any CPU.Build.0 = Release|Any CPU
		{C6DC31C8-E745-44D8-A72A-5212B0E2ABE2}.Debug|Any CPU.ActiveCfg = Debug|Any CPU
		{C6DC31C8-E745-44D8-A72A-5212B0E2ABE2}.Debug|Any CPU.Build.0 = Debug|Any CPU
		{C6DC31C8-E745-44D8-A72A-5212B0E2ABE2}.Release|Any CPU.ActiveCfg = Release|Any CPU
		{C6DC31C8-E745-44D8-A72A-5212B0E2ABE2}.Release|Any CPU.Build.0 = Release|Any CPU
	EndGlobalSection
	GlobalSection(SolutionProperties) = preSolution
		HideSolutionNode = FALSE
	EndGlobalSection
	GlobalSection(ExtensibilityGlobals) = postSolution
		SolutionGuid = {66A93D08-30F9-447E-920F-29418BB59A73}
	EndGlobalSection
EndGlobal
